// !$*UTF8*$!
{
	archiveVersion = 1;
	classes = {
	};
	objectVersion = 56;
	objects = {

/* Begin PBXBuildFile section */
		E65C25E22A742969009BD1AB /* FruitsApp.swift in Sources */ = {isa = PBXBuildFile; fileRef = E65C25E12A742969009BD1AB /* FruitsApp.swift */; };
		E65C25E62A74296B009BD1AB /* Assets.xcassets in Resources */ = {isa = PBXBuildFile; fileRef = E65C25E52A74296B009BD1AB /* Assets.xcassets */; };
		E65C25E92A74296B009BD1AB /* Preview Assets.xcassets in Resources */ = {isa = PBXBuildFile; fileRef = E65C25E82A74296B009BD1AB /* Preview Assets.xcassets */; };
		E65C25F22A744AE2009BD1AB /* StartButtonView.swift in Sources */ = {isa = PBXBuildFile; fileRef = E65C25F12A744AE2009BD1AB /* StartButtonView.swift */; };
		E65C25F42A744AFD009BD1AB /* FruitCardView.swift in Sources */ = {isa = PBXBuildFile; fileRef = E65C25F32A744AFD009BD1AB /* FruitCardView.swift */; };
		E65C25F62A744B38009BD1AB /* OnboardingView.swift in Sources */ = {isa = PBXBuildFile; fileRef = E65C25F52A744B38009BD1AB /* OnboardingView.swift */; };
		E65C25F92A79414C009BD1AB /* Fruit.swift in Sources */ = {isa = PBXBuildFile; fileRef = E65C25F82A79414C009BD1AB /* Fruit.swift */; };
		E65C25FC2A794238009BD1AB /* FruitsData.swift in Sources */ = {isa = PBXBuildFile; fileRef = E65C25FB2A794238009BD1AB /* FruitsData.swift */; };
		E65C25FE2A7946FF009BD1AB /* HomeView.swift in Sources */ = {isa = PBXBuildFile; fileRef = E65C25FD2A7946FF009BD1AB /* HomeView.swift */; };
		E65C26012A794982009BD1AB /* UserDefaultKeys.swift in Sources */ = {isa = PBXBuildFile; fileRef = E65C26002A794982009BD1AB /* UserDefaultKeys.swift */; };
		E65C26052A795DE1009BD1AB /* FruitRowListView.swift in Sources */ = {isa = PBXBuildFile; fileRef = E65C26042A795DE1009BD1AB /* FruitRowListView.swift */; };
		E65C26072A79609D009BD1AB /* ColorExtensions.swift in Sources */ = {isa = PBXBuildFile; fileRef = E65C26062A79609D009BD1AB /* ColorExtensions.swift */; };
		E6FBC0FA2A7AF4AF005EBE32 /* FruitsDetailView.swift in Sources */ = {isa = PBXBuildFile; fileRef = E6FBC0F92A7AF4AF005EBE32 /* FruitsDetailView.swift */; };
		E6FBC0FC2A7AF940005EBE32 /* FruitDetailsHeaderView.swift in Sources */ = {isa = PBXBuildFile; fileRef = E6FBC0FB2A7AF940005EBE32 /* FruitDetailsHeaderView.swift */; };
		E6FBC0FF2A7C24DE005EBE32 /* SourceLinkView.swift in Sources */ = {isa = PBXBuildFile; fileRef = E6FBC0FE2A7C24DE005EBE32 /* SourceLinkView.swift */; };
		E6FBC1012A7C2CE1005EBE32 /* NutrientsDisclosureView.swift in Sources */ = {isa = PBXBuildFile; fileRef = E6FBC1002A7C2CE1005EBE32 /* NutrientsDisclosureView.swift */; };
		E6FBC1032A829248005EBE32 /* SettingsView.swift in Sources */ = {isa = PBXBuildFile; fileRef = E6FBC1022A829248005EBE32 /* SettingsView.swift */; };
		E6FBC1052A8299DB005EBE32 /* GroupBoxLabelView.swift in Sources */ = {isa = PBXBuildFile; fileRef = E6FBC1042A8299DB005EBE32 /* GroupBoxLabelView.swift */; };
		E6FBC1072A850B30005EBE32 /* AppInfoRowView.swift in Sources */ = {isa = PBXBuildFile; fileRef = E6FBC1062A850B30005EBE32 /* AppInfoRowView.swift */; };
/* End PBXBuildFile section */

/* Begin PBXFileReference section */
		E65C25DE2A742969009BD1AB /* Fruits.app */ = {isa = PBXFileReference; explicitFileType = wrapper.application; includeInIndex = 0; path = Fruits.app; sourceTree = BUILT_PRODUCTS_DIR; };
		E65C25E12A742969009BD1AB /* FruitsApp.swift */ = {isa = PBXFileReference; lastKnownFileType = sourcecode.swift; path = FruitsApp.swift; sourceTree = "<group>"; };
		E65C25E52A74296B009BD1AB /* Assets.xcassets */ = {isa = PBXFileReference; lastKnownFileType = folder.assetcatalog; path = Assets.xcassets; sourceTree = "<group>"; };
		E65C25E82A74296B009BD1AB /* Preview Assets.xcassets */ = {isa = PBXFileReference; lastKnownFileType = folder.assetcatalog; path = "Preview Assets.xcassets"; sourceTree = "<group>"; };
		E65C25F12A744AE2009BD1AB /* StartButtonView.swift */ = {isa = PBXFileReference; lastKnownFileType = sourcecode.swift; path = StartButtonView.swift; sourceTree = "<group>"; };
		E65C25F32A744AFD009BD1AB /* FruitCardView.swift */ = {isa = PBXFileReference; lastKnownFileType = sourcecode.swift; path = FruitCardView.swift; sourceTree = "<group>"; };
		E65C25F52A744B38009BD1AB /* OnboardingView.swift */ = {isa = PBXFileReference; lastKnownFileType = sourcecode.swift; path = OnboardingView.swift; sourceTree = "<group>"; };
		E65C25F82A79414C009BD1AB /* Fruit.swift */ = {isa = PBXFileReference; lastKnownFileType = sourcecode.swift; path = Fruit.swift; sourceTree = "<group>"; };
		E65C25FB2A794238009BD1AB /* FruitsData.swift */ = {isa = PBXFileReference; lastKnownFileType = sourcecode.swift; path = FruitsData.swift; sourceTree = "<group>"; };
		E65C25FD2A7946FF009BD1AB /* HomeView.swift */ = {isa = PBXFileReference; lastKnownFileType = sourcecode.swift; path = HomeView.swift; sourceTree = "<group>"; };
		E65C26002A794982009BD1AB /* UserDefaultKeys.swift */ = {isa = PBXFileReference; lastKnownFileType = sourcecode.swift; path = UserDefaultKeys.swift; sourceTree = "<group>"; };
		E65C26042A795DE1009BD1AB /* FruitRowListView.swift */ = {isa = PBXFileReference; lastKnownFileType = sourcecode.swift; path = FruitRowListView.swift; sourceTree = "<group>"; };
		E65C26062A79609D009BD1AB /* ColorExtensions.swift */ = {isa = PBXFileReference; lastKnownFileType = sourcecode.swift; path = ColorExtensions.swift; sourceTree = "<group>"; };
		E6FBC0F92A7AF4AF005EBE32 /* FruitsDetailView.swift */ = {isa = PBXFileReference; lastKnownFileType = sourcecode.swift; path = FruitsDetailView.swift; sourceTree = "<group>"; };
		E6FBC0FB2A7AF940005EBE32 /* FruitDetailsHeaderView.swift */ = {isa = PBXFileReference; lastKnownFileType = sourcecode.swift; path = FruitDetailsHeaderView.swift; sourceTree = "<group>"; };
		E6FBC0FE2A7C24DE005EBE32 /* SourceLinkView.swift */ = {isa = PBXFileReference; lastKnownFileType = sourcecode.swift; path = SourceLinkView.swift; sourceTree = "<group>"; };
		E6FBC1002A7C2CE1005EBE32 /* NutrientsDisclosureView.swift */ = {isa = PBXFileReference; lastKnownFileType = sourcecode.swift; path = NutrientsDisclosureView.swift; sourceTree = "<group>"; };
		E6FBC1022A829248005EBE32 /* SettingsView.swift */ = {isa = PBXFileReference; lastKnownFileType = sourcecode.swift; path = SettingsView.swift; sourceTree = "<group>"; };
		E6FBC1042A8299DB005EBE32 /* GroupBoxLabelView.swift */ = {isa = PBXFileReference; lastKnownFileType = sourcecode.swift; path = GroupBoxLabelView.swift; sourceTree = "<group>"; };
		E6FBC1062A850B30005EBE32 /* AppInfoRowView.swift */ = {isa = PBXFileReference; lastKnownFileType = sourcecode.swift; path = AppInfoRowView.swift; sourceTree = "<group>"; };
/* End PBXFileReference section */

/* Begin PBXFrameworksBuildPhase section */
		E65C25DB2A742969009BD1AB /* Frameworks */ = {
			isa = PBXFrameworksBuildPhase;
			buildActionMask = 2147483647;
			files = (
			);
			runOnlyForDeploymentPostprocessing = 0;
		};
/* End PBXFrameworksBuildPhase section */

/* Begin PBXGroup section */
		E65C25D52A742969009BD1AB = {
			isa = PBXGroup;
			children = (
				E65C25E02A742969009BD1AB /* Fruits */,
				E65C25DF2A742969009BD1AB /* Products */,
			);
			sourceTree = "<group>";
		};
		E65C25DF2A742969009BD1AB /* Products */ = {
			isa = PBXGroup;
			children = (
				E65C25DE2A742969009BD1AB /* Fruits.app */,
			);
			name = Products;
			sourceTree = "<group>";
		};
		E65C25E02A742969009BD1AB /* Fruits */ = {
			isa = PBXGroup;
			children = (
				E65C25FF2A794972009BD1AB /* Common */,
				E65C25FA2A7941F2009BD1AB /* Data */,
				E65C25F72A794134009BD1AB /* Model */,
				E65C25F02A744ACB009BD1AB /* Components */,
				E65C25EF2A744AC4009BD1AB /* Screens */,
				E65C25E12A742969009BD1AB /* FruitsApp.swift */,
				E65C25E52A74296B009BD1AB /* Assets.xcassets */,
				E65C25E72A74296B009BD1AB /* Preview Content */,
			);
			path = Fruits;
			sourceTree = "<group>";
		};
		E65C25E72A74296B009BD1AB /* Preview Content */ = {
			isa = PBXGroup;
			children = (
				E65C25E82A74296B009BD1AB /* Preview Assets.xcassets */,
			);
			path = "Preview Content";
			sourceTree = "<group>";
		};
		E65C25EF2A744AC4009BD1AB /* Screens */ = {
			isa = PBXGroup;
			children = (
				E65C25F52A744B38009BD1AB /* OnboardingView.swift */,
				E65C25FD2A7946FF009BD1AB /* HomeView.swift */,
				E6FBC0F92A7AF4AF005EBE32 /* FruitsDetailView.swift */,
				E6FBC1022A829248005EBE32 /* SettingsView.swift */,
			);
			path = Screens;
			sourceTree = "<group>";
		};
		E65C25F02A744ACB009BD1AB /* Components */ = {
			isa = PBXGroup;
			children = (
				E65C25F12A744AE2009BD1AB /* StartButtonView.swift */,
				E65C25F32A744AFD009BD1AB /* FruitCardView.swift */,
				E65C26042A795DE1009BD1AB /* FruitRowListView.swift */,
				E6FBC0FB2A7AF940005EBE32 /* FruitDetailsHeaderView.swift */,
				E6FBC0FE2A7C24DE005EBE32 /* SourceLinkView.swift */,
				E6FBC1002A7C2CE1005EBE32 /* NutrientsDisclosureView.swift */,
				E6FBC1042A8299DB005EBE32 /* GroupBoxLabelView.swift */,
				E6FBC1062A850B30005EBE32 /* AppInfoRowView.swift */,
			);
			path = Components;
			sourceTree = "<group>";
		};
		E65C25F72A794134009BD1AB /* Model */ = {
			isa = PBXGroup;
			children = (
				E65C25F82A79414C009BD1AB /* Fruit.swift */,
			);
			path = Model;
			sourceTree = "<group>";
		};
		E65C25FA2A7941F2009BD1AB /* Data */ = {
			isa = PBXGroup;
			children = (
				E65C25FB2A794238009BD1AB /* FruitsData.swift */,
			);
			path = Data;
			sourceTree = "<group>";
		};
		E65C25FF2A794972009BD1AB /* Common */ = {
			isa = PBXGroup;
			children = (
				E65C26002A794982009BD1AB /* UserDefaultKeys.swift */,
				E65C26062A79609D009BD1AB /* ColorExtensions.swift */,
			);
			path = Common;
			sourceTree = "<group>";
		};
/* End PBXGroup section */

/* Begin PBXNativeTarget section */
		E65C25DD2A742969009BD1AB /* Fruits */ = {
			isa = PBXNativeTarget;
			buildConfigurationList = E65C25EC2A74296B009BD1AB /* Build configuration list for PBXNativeTarget "Fruits" */;
			buildPhases = (
				E65C25DA2A742969009BD1AB /* Sources */,
				E65C25DB2A742969009BD1AB /* Frameworks */,
				E65C25DC2A742969009BD1AB /* Resources */,
			);
			buildRules = (
			);
			dependencies = (
			);
			name = Fruits;
			productName = Fruits;
			productReference = E65C25DE2A742969009BD1AB /* Fruits.app */;
			productType = "com.apple.product-type.application";
		};
/* End PBXNativeTarget section */

/* Begin PBXProject section */
		E65C25D62A742969009BD1AB /* Project object */ = {
			isa = PBXProject;
			attributes = {
				BuildIndependentTargetsInParallel = 1;
				LastSwiftUpdateCheck = 1430;
				LastUpgradeCheck = 1430;
				TargetAttributes = {
					E65C25DD2A742969009BD1AB = {
						CreatedOnToolsVersion = 14.3.1;
					};
				};
			};
			buildConfigurationList = E65C25D92A742969009BD1AB /* Build configuration list for PBXProject "Fruits" */;
			compatibilityVersion = "Xcode 14.0";
			developmentRegion = en;
			hasScannedForEncodings = 0;
			knownRegions = (
				en,
				Base,
			);
			mainGroup = E65C25D52A742969009BD1AB;
			productRefGroup = E65C25DF2A742969009BD1AB /* Products */;
			projectDirPath = "";
			projectRoot = "";
			targets = (
				E65C25DD2A742969009BD1AB /* Fruits */,
			);
		};
/* End PBXProject section */

/* Begin PBXResourcesBuildPhase section */
		E65C25DC2A742969009BD1AB /* Resources */ = {
			isa = PBXResourcesBuildPhase;
			buildActionMask = 2147483647;
			files = (
				E65C25E92A74296B009BD1AB /* Preview Assets.xcassets in Resources */,
				E65C25E62A74296B009BD1AB /* Assets.xcassets in Resources */,
			);
			runOnlyForDeploymentPostprocessing = 0;
		};
/* End PBXResourcesBuildPhase section */

/* Begin PBXSourcesBuildPhase section */
		E65C25DA2A742969009BD1AB /* Sources */ = {
			isa = PBXSourcesBuildPhase;
			buildActionMask = 2147483647;
			files = (
				E6FBC1032A829248005EBE32 /* SettingsView.swift in Sources */,
				E65C26012A794982009BD1AB /* UserDefaultKeys.swift in Sources */,
				E65C26072A79609D009BD1AB /* ColorExtensions.swift in Sources */,
				E6FBC1052A8299DB005EBE32 /* GroupBoxLabelView.swift in Sources */,
				E6FBC0FA2A7AF4AF005EBE32 /* FruitsDetailView.swift in Sources */,
				E65C25F92A79414C009BD1AB /* Fruit.swift in Sources */,
				E65C25FE2A7946FF009BD1AB /* HomeView.swift in Sources */,
				E65C25F22A744AE2009BD1AB /* StartButtonView.swift in Sources */,
				E6FBC0FF2A7C24DE005EBE32 /* SourceLinkView.swift in Sources */,
				E65C25E22A742969009BD1AB /* FruitsApp.swift in Sources */,
				E6FBC1012A7C2CE1005EBE32 /* NutrientsDisclosureView.swift in Sources */,
				E65C25FC2A794238009BD1AB /* FruitsData.swift in Sources */,
				E65C25F62A744B38009BD1AB /* OnboardingView.swift in Sources */,
				E65C26052A795DE1009BD1AB /* FruitRowListView.swift in Sources */,
				E65C25F42A744AFD009BD1AB /* FruitCardView.swift in Sources */,
				E6FBC1072A850B30005EBE32 /* AppInfoRowView.swift in Sources */,
				E6FBC0FC2A7AF940005EBE32 /* FruitDetailsHeaderView.swift in Sources */,
			);
			runOnlyForDeploymentPostprocessing = 0;
		};
/* End PBXSourcesBuildPhase section */

/* Begin XCBuildConfiguration section */
		E65C25EA2A74296B009BD1AB /* Debug */ = {
			isa = XCBuildConfiguration;
			buildSettings = {
				ALWAYS_SEARCH_USER_PATHS = NO;
				CLANG_ANALYZER_NONNULL = YES;
				CLANG_ANALYZER_NUMBER_OBJECT_CONVERSION = YES_AGGRESSIVE;
				CLANG_CXX_LANGUAGE_STANDARD = "gnu++20";
				CLANG_ENABLE_MODULES = YES;
				CLANG_ENABLE_OBJC_ARC = YES;
				CLANG_ENABLE_OBJC_WEAK = YES;
				CLANG_WARN_BLOCK_CAPTURE_AUTORELEASING = YES;
				CLANG_WARN_BOOL_CONVERSION = YES;
				CLANG_WARN_COMMA = YES;
				CLANG_WARN_CONSTANT_CONVERSION = YES;
				CLANG_WARN_DEPRECATED_OBJC_IMPLEMENTATIONS = YES;
				CLANG_WARN_DIRECT_OBJC_ISA_USAGE = YES_ERROR;
				CLANG_WARN_DOCUMENTATION_COMMENTS = YES;
				CLANG_WARN_EMPTY_BODY = YES;
				CLANG_WARN_ENUM_CONVERSION = YES;
				CLANG_WARN_INFINITE_RECURSION = YES;
				CLANG_WARN_INT_CONVERSION = YES;
				CLANG_WARN_NON_LITERAL_NULL_CONVERSION = YES;
				CLANG_WARN_OBJC_IMPLICIT_RETAIN_SELF = YES;
				CLANG_WARN_OBJC_LITERAL_CONVERSION = YES;
				CLANG_WARN_OBJC_ROOT_CLASS = YES_ERROR;
				CLANG_WARN_QUOTED_INCLUDE_IN_FRAMEWORK_HEADER = YES;
				CLANG_WARN_RANGE_LOOP_ANALYSIS = YES;
				CLANG_WARN_STRICT_PROTOTYPES = YES;
				CLANG_WARN_SUSPICIOUS_MOVE = YES;
				CLANG_WARN_UNGUARDED_AVAILABILITY = YES_AGGRESSIVE;
				CLANG_WARN_UNREACHABLE_CODE = YES;
				CLANG_WARN__DUPLICATE_METHOD_MATCH = YES;
				COPY_PHASE_STRIP = NO;
				DEBUG_INFORMATION_FORMAT = dwarf;
				ENABLE_STRICT_OBJC_MSGSEND = YES;
				ENABLE_TESTABILITY = YES;
				GCC_C_LANGUAGE_STANDARD = gnu11;
				GCC_DYNAMIC_NO_PIC = NO;
				GCC_NO_COMMON_BLOCKS = YES;
				GCC_OPTIMIZATION_LEVEL = 0;
				GCC_PREPROCESSOR_DEFINITIONS = (
					"DEBUG=1",
					"$(inherited)",
				);
				GCC_WARN_64_TO_32_BIT_CONVERSION = YES;
				GCC_WARN_ABOUT_RETURN_TYPE = YES_ERROR;
				GCC_WARN_UNDECLARED_SELECTOR = YES;
				GCC_WARN_UNINITIALIZED_AUTOS = YES_AGGRESSIVE;
				GCC_WARN_UNUSED_FUNCTION = YES;
				GCC_WARN_UNUSED_VARIABLE = YES;
				IPHONEOS_DEPLOYMENT_TARGET = 16.4;
				MTL_ENABLE_DEBUG_INFO = INCLUDE_SOURCE;
				MTL_FAST_MATH = YES;
				ONLY_ACTIVE_ARCH = YES;
				SDKROOT = iphoneos;
				SWIFT_ACTIVE_COMPILATION_CONDITIONS = DEBUG;
				SWIFT_OPTIMIZATION_LEVEL = "-Onone";
			};
			name = Debug;
		};
		E65C25EB2A74296B009BD1AB /* Release */ = {
			isa = XCBuildConfiguration;
			buildSettings = {
				ALWAYS_SEARCH_USER_PATHS = NO;
				CLANG_ANALYZER_NONNULL = YES;
				CLANG_ANALYZER_NUMBER_OBJECT_CONVERSION = YES_AGGRESSIVE;
				CLANG_CXX_LANGUAGE_STANDARD = "gnu++20";
				CLANG_ENABLE_MODULES = YES;
				CLANG_ENABLE_OBJC_ARC = YES;
				CLANG_ENABLE_OBJC_WEAK = YES;
				CLANG_WARN_BLOCK_CAPTURE_AUTORELEASING = YES;
				CLANG_WARN_BOOL_CONVERSION = YES;
				CLANG_WARN_COMMA = YES;
				CLANG_WARN_CONSTANT_CONVERSION = YES;
				CLANG_WARN_DEPRECATED_OBJC_IMPLEMENTATIONS = YES;
				CLANG_WARN_DIRECT_OBJC_ISA_USAGE = YES_ERROR;
				CLANG_WARN_DOCUMENTATION_COMMENTS = YES;
				CLANG_WARN_EMPTY_BODY = YES;
				CLANG_WARN_ENUM_CONVERSION = YES;
				CLANG_WARN_INFINITE_RECURSION = YES;
				CLANG_WARN_INT_CONVERSION = YES;
				CLANG_WARN_NON_LITERAL_NULL_CONVERSION = YES;
				CLANG_WARN_OBJC_IMPLICIT_RETAIN_SELF = YES;
				CLANG_WARN_OBJC_LITERAL_CONVERSION = YES;
				CLANG_WARN_OBJC_ROOT_CLASS = YES_ERROR;
				CLANG_WARN_QUOTED_INCLUDE_IN_FRAMEWORK_HEADER = YES;
				CLANG_WARN_RANGE_LOOP_ANALYSIS = YES;
				CLANG_WARN_STRICT_PROTOTYPES = YES;
				CLANG_WARN_SUSPICIOUS_MOVE = YES;
				CLANG_WARN_UNGUARDED_AVAILABILITY = YES_AGGRESSIVE;
				CLANG_WARN_UNREACHABLE_CODE = YES;
				CLANG_WARN__DUPLICATE_METHOD_MATCH = YES;
				COPY_PHASE_STRIP = NO;
				DEBUG_INFORMATION_FORMAT = "dwarf-with-dsym";
				ENABLE_NS_ASSERTIONS = NO;
				ENABLE_STRICT_OBJC_MSGSEND = YES;
				GCC_C_LANGUAGE_STANDARD = gnu11;
				GCC_NO_COMMON_BLOCKS = YES;
				GCC_WARN_64_TO_32_BIT_CONVERSION = YES;
				GCC_WARN_ABOUT_RETURN_TYPE = YES_ERROR;
				GCC_WARN_UNDECLARED_SELECTOR = YES;
				GCC_WARN_UNINITIALIZED_AUTOS = YES_AGGRESSIVE;
				GCC_WARN_UNUSED_FUNCTION = YES;
				GCC_WARN_UNUSED_VARIABLE = YES;
				IPHONEOS_DEPLOYMENT_TARGET = 16.4;
				MTL_ENABLE_DEBUG_INFO = NO;
				MTL_FAST_MATH = YES;
				SDKROOT = iphoneos;
				SWIFT_COMPILATION_MODE = wholemodule;
				SWIFT_OPTIMIZATION_LEVEL = "-O";
				VALIDATE_PRODUCT = YES;
			};
			name = Release;
		};
		E65C25ED2A74296B009BD1AB /* Debug */ = {
			isa = XCBuildConfiguration;
			buildSettings = {
				ASSETCATALOG_COMPILER_APPICON_NAME = AppIcon;
				ASSETCATALOG_COMPILER_GLOBAL_ACCENT_COLOR_NAME = AccentColor;
				CODE_SIGN_STYLE = Automatic;
				CURRENT_PROJECT_VERSION = 1;
				DEVELOPMENT_ASSET_PATHS = "\"Fruits/Preview Content\"";
				DEVELOPMENT_TEAM = VMS7N3ZWG9;
				ENABLE_PREVIEWS = YES;
				GENERATE_INFOPLIST_FILE = YES;
				INFOPLIST_KEY_UIApplicationSceneManifest_Generation = YES;
				INFOPLIST_KEY_UIApplicationSupportsIndirectInputEvents = YES;
				INFOPLIST_KEY_UILaunchScreen_Generation = YES;
				INFOPLIST_KEY_UISupportedInterfaceOrientations = UIInterfaceOrientationPortrait;
				INFOPLIST_KEY_UISupportedInterfaceOrientations_iPad = "UIInterfaceOrientationPortrait UIInterfaceOrientationPortraitUpsideDown";
				IPHONEOS_DEPLOYMENT_TARGET = 16.4;
				LD_RUNPATH_SEARCH_PATHS = (
					"$(inherited)",
					"@executable_path/Frameworks",
				);
				MARKETING_VERSION = 1.0;
				PRODUCT_BUNDLE_IDENTIFIER = com.luxkscastro.Fruits;
				PRODUCT_NAME = "$(TARGET_NAME)";
				SWIFT_EMIT_LOC_STRINGS = YES;
				SWIFT_VERSION = 5.0;
				TARGETED_DEVICE_FAMILY = "1,2";
			};
			name = Debug;
		};
		E65C25EE2A74296B009BD1AB /* Release */ = {
			isa = XCBuildConfiguration;
			buildSettings = {
				ASSETCATALOG_COMPILER_APPICON_NAME = AppIcon;
				ASSETCATALOG_COMPILER_GLOBAL_ACCENT_COLOR_NAME = AccentColor;
				CODE_SIGN_STYLE = Automatic;
				CURRENT_PROJECT_VERSION = 1;
				DEVELOPMENT_ASSET_PATHS = "\"Fruits/Preview Content\"";
				DEVELOPMENT_TEAM = VMS7N3ZWG9;
				ENABLE_PREVIEWS = YES;
				GENERATE_INFOPLIST_FILE = YES;
				INFOPLIST_KEY_UIApplicationSceneManifest_Generation = YES;
				INFOPLIST_KEY_UIApplicationSupportsIndirectInputEvents = YES;
				INFOPLIST_KEY_UILaunchScreen_Generation = YES;
				INFOPLIST_KEY_UISupportedInterfaceOrientations = UIInterfaceOrientationPortrait;
				INFOPLIST_KEY_UISupportedInterfaceOrientations_iPad = "UIInterfaceOrientationPortrait UIInterfaceOrientationPortraitUpsideDown";
				IPHONEOS_DEPLOYMENT_TARGET = 16.4;
				LD_RUNPATH_SEARCH_PATHS = (
					"$(inherited)",
					"@executable_path/Frameworks",
				);
				MARKETING_VERSION = 1.0;
				PRODUCT_BUNDLE_IDENTIFIER = com.luxkscastro.Fruits;
				PRODUCT_NAME = "$(TARGET_NAME)";
				SWIFT_EMIT_LOC_STRINGS = YES;
				SWIFT_VERSION = 5.0;
				TARGETED_DEVICE_FAMILY = "1,2";
			};
			name = Release;
		};
/* End XCBuildConfiguration section */

/* Begin XCConfigurationList section */
		E65C25D92A742969009BD1AB /* Build configuration list for PBXProject "Fruits" */ = {
			isa = XCConfigurationList;
			buildConfigurations = (
				E65C25EA2A74296B009BD1AB /* Debug */,
				E65C25EB2A74296B009BD1AB /* Release */,
			);
			defaultConfigurationIsVisible = 0;
			defaultConfigurationName = Release;
		};
		E65C25EC2A74296B009BD1AB /* Build configuration list for PBXNativeTarget "Fruits" */ = {
			isa = XCConfigurationList;
			buildConfigurations = (
				E65C25ED2A74296B009BD1AB /* Debug */,
				E65C25EE2A74296B009BD1AB /* Release */,
			);
			defaultConfigurationIsVisible = 0;
			defaultConfigurationName = Release;
		};
/* End XCConfigurationList section */
	};
	rootObject = E65C25D62A742969009BD1AB /* Project object */;
}
